Microsoft Visual Studio Solution File, Format Version 11.00
# Visual Studio 2008

Project("{B36725E8-5115-0AE2-A6E8-5CE2E48D8193}") = "Caterpillar", "Assembly-CSharp-firstpass.csproj", "{74A86675-EB14-169A-E6F4-B3E1A8D8E99F}"
EndProject
Project("{B36725E8-5115-0AE2-A6E8-5CE2E48D8193}") = "Caterpillar", "Assembly-CSharp.csproj", "{723265C3-9C54-6FE0-9A48-50FC518DC079}"
EndProject
Project("{B36725E8-5115-0AE2-A6E8-5CE2E48D8193}") = "Caterpillar", "Assembly-CSharp-Editor.csproj", "{0314C2AA-7ECB-C0B4-0181-CC737B41C4AC}"
EndProject
Global
	GlobalSection(SolutionConfigurationPlatforms) = preSolution
		Debug|Any CPU = Debug|Any CPU
		Release|Any CPU = Release|Any CPU
	EndGlobalSection
	GlobalSection(ProjectConfigurationPlatforms) = postSolution
		{74A86675-EB14-169A-E6F4-B3E1A8D8E99F}.Debug|Any CPU.ActiveCfg = Debug|Any CPU
		{74A86675-EB14-169A-E6F4-B3E1A8D8E99F}.Debug|Any CPU.Build.0 = Debug|Any CPU
		{74A86675-EB14-169A-E6F4-B3E1A8D8E99F}.Release|Any CPU.ActiveCfg = Release|Any CPU
		{74A86675-EB14-169A-E6F4-B3E1A8D8E99F}.Release|Any CPU.Build.0 = Release|Any CPU
		{723265C3-9C54-6FE0-9A48-50FC518DC079}.Debug|Any CPU.ActiveCfg = Debug|Any CPU
		{723265C3-9C54-6FE0-9A48-50FC518DC079}.Debug|Any CPU.Build.0 = Debug|Any CPU
		{723265C3-9C54-6FE0-9A48-50FC518DC079}.Release|Any CPU.ActiveCfg = Release|Any CPU
		{723265C3-9C54-6FE0-9A48-50FC518DC079}.Release|Any CPU.Build.0 = Release|Any CPU
		{0314C2AA-7ECB-C0B4-0181-CC737B41C4AC}.Debug|Any CPU.ActiveCfg = Debug|Any CPU
		{0314C2AA-7ECB-C0B4-0181-CC737B41C4AC}.Debug|Any CPU.Build.0 = Debug|Any CPU
		{0314C2AA-7ECB-C0B4-0181-CC737B41C4AC}.Release|Any CPU.ActiveCfg = Release|Any CPU
		{0314C2AA-7ECB-C0B4-0181-CC737B41C4AC}.Release|Any CPU.Build.0 = Release|Any CPU
	EndGlobalSection
	GlobalSection(SolutionProperties) = preSolution
		HideSolutionNode = FALSE
	EndGlobalSection
	GlobalSection(MonoDevelopProperties) = preSolution
		StartupItem = Assembly-CSharp.csproj
	EndGlobalSection
EndGlobal
