
Microsoft Visual Studio Solution File, Format Version 11.00
# Visual Studio 2010
Project("{FAE04EC0-301F-11D3-BF4B-00C04F79EFBC}") = "Assembly-CSharp", "Assembly-CSharp.csproj", "{c3653272-549c-e06f-9a48-50fc518dc079}"
EndProject
Project("{FAE04EC0-301F-11D3-BF4B-00C04F79EFBC}") = "Assembly-CSharp-firstpass", "Assembly-CSharp-firstpass.csproj", "{7566a874-14eb-9a16-e6f4-b3e1a8d8e99f}"
EndProject
Project("{FAE04EC0-301F-11D3-BF4B-00C04F79EFBC}") = "Assembly-CSharp-Editor", "Assembly-CSharp-Editor.csproj", "{aac21403-cb7e-b4c0-0181-cc737b41c4ac}"
EndProject
Global
	GlobalSection(SolutionConfigurationPlatforms) = preSolution
		Debug|Any CPU = Debug|Any CPU
	EndGlobalSection
	GlobalSection(ProjectConfigurationPlatforms) = postSolution
		{c3653272-549c-e06f-9a48-50fc518dc079}.Debug|Any CPU.ActiveCfg = Debug|Any CPU
		{c3653272-549c-e06f-9a48-50fc518dc079}.Debug|Any CPU.Build.0 = Debug|Any CPU
		{7566a874-14eb-9a16-e6f4-b3e1a8d8e99f}.Debug|Any CPU.ActiveCfg = Debug|Any CPU
		{7566a874-14eb-9a16-e6f4-b3e1a8d8e99f}.Debug|Any CPU.Build.0 = Debug|Any CPU
		{aac21403-cb7e-b4c0-0181-cc737b41c4ac}.Debug|Any CPU.ActiveCfg = Debug|Any CPU
		{aac21403-cb7e-b4c0-0181-cc737b41c4ac}.Debug|Any CPU.Build.0 = Debug|Any CPU
	EndGlobalSection
	GlobalSection(SolutionProperties) = preSolution
		HideSolutionNode = FALSE
	EndGlobalSection
EndGlobal
